Microsoft Visual Studio Solution File, Format Version 12.00
# Visual Studio Version 17
VisualStudioVersion = 17.5.2.0
MinimumVisualStudioVersion = 10.0.40219.1
Project("{FAE04EC0-301F-11D3-BF4B-00C04F79EFBC}") = "GnosiaCustomizer", "GnosiaCustomizer.csproj", "{54355B17-984B-A1EB-3F69-9BF6D26C2662}"
EndProject
Global
	GlobalSection(SolutionConfigurationPlatforms) = preSolution
		Debug|Any CPU = Debug|Any CPU
		Release|Any CPU = Release|Any CPU
	EndGlobalSection
	GlobalSection(ProjectConfigurationPlatforms) = postSolution
		{54355B17-984B-A1EB-3F69-9BF6D26C2662}.Debug|Any CPU.ActiveCfg = Debug|Any CPU
		{54355B17-984B-A1EB-3F69-9BF6D26C2662}.Debug|Any CPU.Build.0 = Debug|Any CPU
		{54355B17-984B-A1EB-3F69-9BF6D26C2662}.Release|Any CPU.ActiveCfg = Release|Any CPU
		{54355B17-984B-A1EB-3F69-9BF6D26C2662}.Release|Any CPU.Build.0 = Release|Any CPU
	EndGlobalSection
	GlobalSection(SolutionProperties) = preSolution
		HideSolutionNode = FALSE
	EndGlobalSection
	GlobalSection(ExtensibilityGlobals) = postSolution
		SolutionGuid = {1A0ECD23-0C98-425B-A480-23A64A25FAF2}
	EndGlobalSection
EndGlobal
